
Microsoft Visual Studio Solution File, Format Version 12.00
# Visual Studio Version 16
VisualStudioVersion = 16.0.30114.105
MinimumVisualStudioVersion = 10.0.40219.1
Project("{2150E333-8FDC-42A3-9474-1A3956D46DE8}") = "scr", "scr", "{568AF158-E606-4E79-9074-C124370584FE}"
EndProject
Project("{FAE04EC0-301F-11D3-BF4B-00C04F79EFBC}") = "Manager.Domain", "scr\2-Manager.Domain\Manager.Domain.csproj", "{6AE302D3-8696-4A1C-BAB5-8C0AC0C5FD18}"
EndProject
Project("{FAE04EC0-301F-11D3-BF4B-00C04F79EFBC}") = "Manager.API", "scr\1-Manager.API\Manager.API.csproj", "{639124EC-B4C9-4A4A-AC12-FC0BDD7F408F}"
EndProject
Project("{FAE04EC0-301F-11D3-BF4B-00C04F79EFBC}") = "Manager.Services", "scr\3-Manager.Services\Manager.Services.csproj", "{7CF69728-33E8-4C65-BF99-3F25A47A7495}"
EndProject
Project("{FAE04EC0-301F-11D3-BF4B-00C04F79EFBC}") = "Manager.Infra", "scr\4-Manager.Infra\Manager.Infra.csproj", "{56B2BB4A-7BD3-4ECB-94E6-115FBFD1C370}"
EndProject
Project("{FAE04EC0-301F-11D3-BF4B-00C04F79EFBC}") = "Manager.Core", "scr\5-Manager.Core\Manager.Core.csproj", "{4EE2D39D-732A-4B33-A10A-57C92FEE1DD4}"
EndProject
Global
	GlobalSection(SolutionConfigurationPlatforms) = preSolution
		Debug|Any CPU = Debug|Any CPU
		Debug|x64 = Debug|x64
		Debug|x86 = Debug|x86
		Release|Any CPU = Release|Any CPU
		Release|x64 = Release|x64
		Release|x86 = Release|x86
	EndGlobalSection
	GlobalSection(SolutionProperties) = preSolution
		HideSolutionNode = FALSE
	EndGlobalSection
	GlobalSection(ProjectConfigurationPlatforms) = postSolution
		{6AE302D3-8696-4A1C-BAB5-8C0AC0C5FD18}.Debug|Any CPU.ActiveCfg = Debug|Any CPU
		{6AE302D3-8696-4A1C-BAB5-8C0AC0C5FD18}.Debug|Any CPU.Build.0 = Debug|Any CPU
		{6AE302D3-8696-4A1C-BAB5-8C0AC0C5FD18}.Debug|x64.ActiveCfg = Debug|Any CPU
		{6AE302D3-8696-4A1C-BAB5-8C0AC0C5FD18}.Debug|x64.Build.0 = Debug|Any CPU
		{6AE302D3-8696-4A1C-BAB5-8C0AC0C5FD18}.Debug|x86.ActiveCfg = Debug|Any CPU
		{6AE302D3-8696-4A1C-BAB5-8C0AC0C5FD18}.Debug|x86.Build.0 = Debug|Any CPU
		{6AE302D3-8696-4A1C-BAB5-8C0AC0C5FD18}.Release|Any CPU.ActiveCfg = Release|Any CPU
		{6AE302D3-8696-4A1C-BAB5-8C0AC0C5FD18}.Release|Any CPU.Build.0 = Release|Any CPU
		{6AE302D3-8696-4A1C-BAB5-8C0AC0C5FD18}.Release|x64.ActiveCfg = Release|Any CPU
		{6AE302D3-8696-4A1C-BAB5-8C0AC0C5FD18}.Release|x64.Build.0 = Release|Any CPU
		{6AE302D3-8696-4A1C-BAB5-8C0AC0C5FD18}.Release|x86.ActiveCfg = Release|Any CPU
		{6AE302D3-8696-4A1C-BAB5-8C0AC0C5FD18}.Release|x86.Build.0 = Release|Any CPU
		{639124EC-B4C9-4A4A-AC12-FC0BDD7F408F}.Debug|Any CPU.ActiveCfg = Debug|Any CPU
		{639124EC-B4C9-4A4A-AC12-FC0BDD7F408F}.Debug|Any CPU.Build.0 = Debug|Any CPU
		{639124EC-B4C9-4A4A-AC12-FC0BDD7F408F}.Debug|x64.ActiveCfg = Debug|Any CPU
		{639124EC-B4C9-4A4A-AC12-FC0BDD7F408F}.Debug|x64.Build.0 = Debug|Any CPU
		{639124EC-B4C9-4A4A-AC12-FC0BDD7F408F}.Debug|x86.ActiveCfg = Debug|Any CPU
		{639124EC-B4C9-4A4A-AC12-FC0BDD7F408F}.Debug|x86.Build.0 = Debug|Any CPU
		{639124EC-B4C9-4A4A-AC12-FC0BDD7F408F}.Release|Any CPU.ActiveCfg = Release|Any CPU
		{639124EC-B4C9-4A4A-AC12-FC0BDD7F408F}.Release|Any CPU.Build.0 = Release|Any CPU
		{639124EC-B4C9-4A4A-AC12-FC0BDD7F408F}.Release|x64.ActiveCfg = Release|Any CPU
		{639124EC-B4C9-4A4A-AC12-FC0BDD7F408F}.Release|x64.Build.0 = Release|Any CPU
		{639124EC-B4C9-4A4A-AC12-FC0BDD7F408F}.Release|x86.ActiveCfg = Release|Any CPU
		{639124EC-B4C9-4A4A-AC12-FC0BDD7F408F}.Release|x86.Build.0 = Release|Any CPU
		{7CF69728-33E8-4C65-BF99-3F25A47A7495}.Debug|Any CPU.ActiveCfg = Debug|Any CPU
		{7CF69728-33E8-4C65-BF99-3F25A47A7495}.Debug|Any CPU.Build.0 = Debug|Any CPU
		{7CF69728-33E8-4C65-BF99-3F25A47A7495}.Debug|x64.ActiveCfg = Debug|Any CPU
		{7CF69728-33E8-4C65-BF99-3F25A47A7495}.Debug|x64.Build.0 = Debug|Any CPU
		{7CF69728-33E8-4C65-BF99-3F25A47A7495}.Debug|x86.ActiveCfg = Debug|Any CPU
		{7CF69728-33E8-4C65-BF99-3F25A47A7495}.Debug|x86.Build.0 = Debug|Any CPU
		{7CF69728-33E8-4C65-BF99-3F25A47A7495}.Release|Any CPU.ActiveCfg = Release|Any CPU
		{7CF69728-33E8-4C65-BF99-3F25A47A7495}.Release|Any CPU.Build.0 = Release|Any CPU
		{7CF69728-33E8-4C65-BF99-3F25A47A7495}.Release|x64.ActiveCfg = Release|Any CPU
		{7CF69728-33E8-4C65-BF99-3F25A47A7495}.Release|x64.Build.0 = Release|Any CPU
		{7CF69728-33E8-4C65-BF99-3F25A47A7495}.Release|x86.ActiveCfg = Release|Any CPU
		{7CF69728-33E8-4C65-BF99-3F25A47A7495}.Release|x86.Build.0 = Release|Any CPU
		{56B2BB4A-7BD3-4ECB-94E6-115FBFD1C370}.Debug|Any CPU.ActiveCfg = Debug|Any CPU
		{56B2BB4A-7BD3-4ECB-94E6-115FBFD1C370}.Debug|Any CPU.Build.0 = Debug|Any CPU
		{56B2BB4A-7BD3-4ECB-94E6-115FBFD1C370}.Debug|x64.ActiveCfg = Debug|Any CPU
		{56B2BB4A-7BD3-4ECB-94E6-115FBFD1C370}.Debug|x64.Build.0 = Debug|Any CPU
		{56B2BB4A-7BD3-4ECB-94E6-115FBFD1C370}.Debug|x86.ActiveCfg = Debug|Any CPU
		{56B2BB4A-7BD3-4ECB-94E6-115FBFD1C370}.Debug|x86.Build.0 = Debug|Any CPU
		{56B2BB4A-7BD3-4ECB-94E6-115FBFD1C370}.Release|Any CPU.ActiveCfg = Release|Any CPU
		{56B2BB4A-7BD3-4ECB-94E6-115FBFD1C370}.Release|Any CPU.Build.0 = Release|Any CPU
		{56B2BB4A-7BD3-4ECB-94E6-115FBFD1C370}.Release|x64.ActiveCfg = Release|Any CPU
		{56B2BB4A-7BD3-4ECB-94E6-115FBFD1C370}.Release|x64.Build.0 = Release|Any CPU
		{56B2BB4A-7BD3-4ECB-94E6-115FBFD1C370}.Release|x86.ActiveCfg = Release|Any CPU
		{56B2BB4A-7BD3-4ECB-94E6-115FBFD1C370}.Release|x86.Build.0 = Release|Any CPU
		{4EE2D39D-732A-4B33-A10A-57C92FEE1DD4}.Debug|Any CPU.ActiveCfg = Debug|Any CPU
		{4EE2D39D-732A-4B33-A10A-57C92FEE1DD4}.Debug|Any CPU.Build.0 = Debug|Any CPU
		{4EE2D39D-732A-4B33-A10A-57C92FEE1DD4}.Debug|x64.ActiveCfg = Debug|Any CPU
		{4EE2D39D-732A-4B33-A10A-57C92FEE1DD4}.Debug|x64.Build.0 = Debug|Any CPU
		{4EE2D39D-732A-4B33-A10A-57C92FEE1DD4}.Debug|x86.ActiveCfg = Debug|Any CPU
		{4EE2D39D-732A-4B33-A10A-57C92FEE1DD4}.Debug|x86.Build.0 = Debug|Any CPU
		{4EE2D39D-732A-4B33-A10A-57C92FEE1DD4}.Release|Any CPU.ActiveCfg = Release|Any CPU
		{4EE2D39D-732A-4B33-A10A-57C92FEE1DD4}.Release|Any CPU.Build.0 = Release|Any CPU
		{4EE2D39D-732A-4B33-A10A-57C92FEE1DD4}.Release|x64.ActiveCfg = Release|Any CPU
		{4EE2D39D-732A-4B33-A10A-57C92FEE1DD4}.Release|x64.Build.0 = Release|Any CPU
		{4EE2D39D-732A-4B33-A10A-57C92FEE1DD4}.Release|x86.ActiveCfg = Release|Any CPU
		{4EE2D39D-732A-4B33-A10A-57C92FEE1DD4}.Release|x86.Build.0 = Release|Any CPU
	EndGlobalSection
	GlobalSection(NestedProjects) = preSolution
		{6AE302D3-8696-4A1C-BAB5-8C0AC0C5FD18} = {568AF158-E606-4E79-9074-C124370584FE}
		{639124EC-B4C9-4A4A-AC12-FC0BDD7F408F} = {568AF158-E606-4E79-9074-C124370584FE}
		{7CF69728-33E8-4C65-BF99-3F25A47A7495} = {568AF158-E606-4E79-9074-C124370584FE}
		{56B2BB4A-7BD3-4ECB-94E6-115FBFD1C370} = {568AF158-E606-4E79-9074-C124370584FE}
		{4EE2D39D-732A-4B33-A10A-57C92FEE1DD4} = {568AF158-E606-4E79-9074-C124370584FE}
	EndGlobalSection
EndGlobal
